
Microsoft Visual Studio Solution File, Format Version 12.00
# Visual Studio 15
VisualStudioVersion = 15.0.27703.2047
MinimumVisualStudioVersion = 10.0.40219.1
Project("{FAE04EC0-301F-11D3-BF4B-00C04F79EFBC}") = "SpotifyRecommendationEngine", "SpotifyRecommendationEngine\SpotifyRecommendationEngine.csproj", "{9EF18DD2-2B84-4214-BA43-B5DA88B96F20}"
EndProject
Project("{9A19103F-16F7-4668-BE54-9A1E7A4F7556}") = "SpotifyAPI.Web", "SpotifyAPI-NET\SpotifyAPI.Web\SpotifyAPI.Web.csproj", "{8BC4C376-1E9E-426E-9292-F3EEEED358D0}"
EndProject
Project("{9A19103F-16F7-4668-BE54-9A1E7A4F7556}") = "SpotifyAPI.Web.Auth", "SpotifyAPI-NET\SpotifyAPI.Web.Auth\SpotifyAPI.Web.Auth.csproj", "{6C26DA21-6B7A-40BE-9A6D-43159B97F3AF}"
EndProject
Global
	GlobalSection(SolutionConfigurationPlatforms) = preSolution
		Debug|Any CPU = Debug|Any CPU
		Release|Any CPU = Release|Any CPU
	EndGlobalSection
	GlobalSection(ProjectConfigurationPlatforms) = postSolution
		{9EF18DD2-2B84-4214-BA43-B5DA88B96F20}.Debug|Any CPU.ActiveCfg = Debug|Any CPU
		{9EF18DD2-2B84-4214-BA43-B5DA88B96F20}.Debug|Any CPU.Build.0 = Debug|Any CPU
		{9EF18DD2-2B84-4214-BA43-B5DA88B96F20}.Release|Any CPU.ActiveCfg = Release|Any CPU
		{9EF18DD2-2B84-4214-BA43-B5DA88B96F20}.Release|Any CPU.Build.0 = Release|Any CPU
		{8BC4C376-1E9E-426E-9292-F3EEEED358D0}.Debug|Any CPU.ActiveCfg = Debug|Any CPU
		{8BC4C376-1E9E-426E-9292-F3EEEED358D0}.Debug|Any CPU.Build.0 = Debug|Any CPU
		{8BC4C376-1E9E-426E-9292-F3EEEED358D0}.Release|Any CPU.ActiveCfg = Release|Any CPU
		{8BC4C376-1E9E-426E-9292-F3EEEED358D0}.Release|Any CPU.Build.0 = Release|Any CPU
		{6C26DA21-6B7A-40BE-9A6D-43159B97F3AF}.Debug|Any CPU.ActiveCfg = Debug|Any CPU
		{6C26DA21-6B7A-40BE-9A6D-43159B97F3AF}.Debug|Any CPU.Build.0 = Debug|Any CPU
		{6C26DA21-6B7A-40BE-9A6D-43159B97F3AF}.Release|Any CPU.ActiveCfg = Release|Any CPU
		{6C26DA21-6B7A-40BE-9A6D-43159B97F3AF}.Release|Any CPU.Build.0 = Release|Any CPU
	EndGlobalSection
	GlobalSection(SolutionProperties) = preSolution
		HideSolutionNode = FALSE
	EndGlobalSection
	GlobalSection(ExtensibilityGlobals) = postSolution
		SolutionGuid = {5637F6AF-9CF5-4EF1-9EDE-9EEA8FE1FEB2}
	EndGlobalSection
EndGlobal
